
Microsoft Visual Studio Solution File, Format Version 12.00
# Visual Studio Version 17
VisualStudioVersion = 17.11.35327.3
MinimumVisualStudioVersion = 10.0.40219.1
Project("{9A19103F-16F7-4668-BE54-9A1E7A4F7556}") = "HashingHandler.Formats.String", "src\HashingHandler.Formats.String.csproj", "{13102CE5-E604-4C03-93FB-85F51DF9A280}"
EndProject
Global
	GlobalSection(SolutionConfigurationPlatforms) = preSolution
		Debug|Any CPU = Debug|Any CPU
		Release|Any CPU = Release|Any CPU
	EndGlobalSection
	GlobalSection(ProjectConfigurationPlatforms) = postSolution
		{13102CE5-E604-4C03-93FB-85F51DF9A280}.Debug|Any CPU.ActiveCfg = Debug|Any CPU
		{13102CE5-E604-4C03-93FB-85F51DF9A280}.Debug|Any CPU.Build.0 = Debug|Any CPU
		{13102CE5-E604-4C03-93FB-85F51DF9A280}.Release|Any CPU.ActiveCfg = Release|Any CPU
		{13102CE5-E604-4C03-93FB-85F51DF9A280}.Release|Any CPU.Build.0 = Release|Any CPU
	EndGlobalSection
	GlobalSection(SolutionProperties) = preSolution
		HideSolutionNode = FALSE
	EndGlobalSection
	GlobalSection(ExtensibilityGlobals) = postSolution
		SolutionGuid = {6185BA20-3B53-4068-8142-77EC139CEF19}
	EndGlobalSection
EndGlobal
